
Microsoft Visual Studio Solution File, Format Version 12.00
# Visual Studio Version 16
VisualStudioVersion = 16.0.30114.105
MinimumVisualStudioVersion = 10.0.40219.1
Project("{FAE04EC0-301F-11D3-BF4B-00C04F79EFBC}") = "ManhHung", "ManhHung\ManhHung.csproj", "{B1526EDE-1675-42C3-98C5-29B5971B4316}"
EndProject
Global
	GlobalSection(SolutionConfigurationPlatforms) = preSolution
		Debug|Any CPU = Debug|Any CPU
		Release|Any CPU = Release|Any CPU
	EndGlobalSection
	GlobalSection(ProjectConfigurationPlatforms) = postSolution
		{B1526EDE-1675-42C3-98C5-29B5971B4316}.Debug|Any CPU.ActiveCfg = Debug|Any CPU
		{B1526EDE-1675-42C3-98C5-29B5971B4316}.Debug|Any CPU.Build.0 = Debug|Any CPU
		{B1526EDE-1675-42C3-98C5-29B5971B4316}.Release|Any CPU.ActiveCfg = Release|Any CPU
		{B1526EDE-1675-42C3-98C5-29B5971B4316}.Release|Any CPU.Build.0 = Release|Any CPU
	EndGlobalSection
	GlobalSection(SolutionProperties) = preSolution
		HideSolutionNode = FALSE
	EndGlobalSection
	GlobalSection(ExtensibilityGlobals) = postSolution
		SolutionGuid = {6D2EBCED-8D75-4AFB-BE5D-685BF217C0D1}
	EndGlobalSection
EndGlobal
