
Microsoft Visual Studio Solution File, Format Version 12.00
# Visual Studio Version 16
VisualStudioVersion = 16.0.30114.105
MinimumVisualStudioVersion = 10.0.40219.1
Project("{FAE04EC0-301F-11D3-BF4B-00C04F79EFBC}") = "Snippet4", "Snippet4\Snippet4.csproj", "{C0378E4F-4D8D-4C11-9D39-059F09D23AA0}"
EndProject
Project("{FAE04EC0-301F-11D3-BF4B-00C04F79EFBC}") = "Session6", "Session6\Session6.csproj", "{83793461-84E7-44EB-9859-B1960B1BA956}"
EndProject
Project("{FAE04EC0-301F-11D3-BF4B-00C04F79EFBC}") = "Lab3", "Lab3\Lab3.csproj", "{AE999C7E-B606-4F36-ADFE-09181EB19D16}"
EndProject
Project("{FAE04EC0-301F-11D3-BF4B-00C04F79EFBC}") = "Excersice_1_Lab3", "Excersice_1_Lab3\Excersice_1_Lab3.csproj", "{F01825DA-0FC1-4567-92F8-87C8541960C3}"
EndProject
Project("{FAE04EC0-301F-11D3-BF4B-00C04F79EFBC}") = "Excercise2_Lab3", "Excercise2_Lab3\Excercise2_Lab3.csproj", "{AE3916BC-60FE-4C2A-B57D-3B8425768BB1}"
EndProject
Project("{FAE04EC0-301F-11D3-BF4B-00C04F79EFBC}") = "Lab4", "Lab4\Lab4.csproj", "{B2198CF2-EB04-40BD-9A17-4C60F0D27D3F}"
EndProject
Project("{FAE04EC0-301F-11D3-BF4B-00C04F79EFBC}") = "Session7", "Session7\Session7.csproj", "{7EA001B8-195B-468F-A876-F50DEABB0204}"
EndProject
Global
	GlobalSection(SolutionConfigurationPlatforms) = preSolution
		Debug|Any CPU = Debug|Any CPU
		Release|Any CPU = Release|Any CPU
	EndGlobalSection
	GlobalSection(ProjectConfigurationPlatforms) = postSolution
		{C0378E4F-4D8D-4C11-9D39-059F09D23AA0}.Debug|Any CPU.ActiveCfg = Debug|Any CPU
		{C0378E4F-4D8D-4C11-9D39-059F09D23AA0}.Debug|Any CPU.Build.0 = Debug|Any CPU
		{C0378E4F-4D8D-4C11-9D39-059F09D23AA0}.Release|Any CPU.ActiveCfg = Release|Any CPU
		{C0378E4F-4D8D-4C11-9D39-059F09D23AA0}.Release|Any CPU.Build.0 = Release|Any CPU
		{83793461-84E7-44EB-9859-B1960B1BA956}.Debug|Any CPU.ActiveCfg = Debug|Any CPU
		{83793461-84E7-44EB-9859-B1960B1BA956}.Debug|Any CPU.Build.0 = Debug|Any CPU
		{83793461-84E7-44EB-9859-B1960B1BA956}.Release|Any CPU.ActiveCfg = Release|Any CPU
		{83793461-84E7-44EB-9859-B1960B1BA956}.Release|Any CPU.Build.0 = Release|Any CPU
		{AE999C7E-B606-4F36-ADFE-09181EB19D16}.Debug|Any CPU.ActiveCfg = Debug|Any CPU
		{AE999C7E-B606-4F36-ADFE-09181EB19D16}.Debug|Any CPU.Build.0 = Debug|Any CPU
		{AE999C7E-B606-4F36-ADFE-09181EB19D16}.Release|Any CPU.ActiveCfg = Release|Any CPU
		{AE999C7E-B606-4F36-ADFE-09181EB19D16}.Release|Any CPU.Build.0 = Release|Any CPU
		{F01825DA-0FC1-4567-92F8-87C8541960C3}.Debug|Any CPU.ActiveCfg = Debug|Any CPU
		{F01825DA-0FC1-4567-92F8-87C8541960C3}.Debug|Any CPU.Build.0 = Debug|Any CPU
		{F01825DA-0FC1-4567-92F8-87C8541960C3}.Release|Any CPU.ActiveCfg = Release|Any CPU
		{F01825DA-0FC1-4567-92F8-87C8541960C3}.Release|Any CPU.Build.0 = Release|Any CPU
		{AE3916BC-60FE-4C2A-B57D-3B8425768BB1}.Debug|Any CPU.ActiveCfg = Debug|Any CPU
		{AE3916BC-60FE-4C2A-B57D-3B8425768BB1}.Debug|Any CPU.Build.0 = Debug|Any CPU
		{AE3916BC-60FE-4C2A-B57D-3B8425768BB1}.Release|Any CPU.ActiveCfg = Release|Any CPU
		{AE3916BC-60FE-4C2A-B57D-3B8425768BB1}.Release|Any CPU.Build.0 = Release|Any CPU
		{B2198CF2-EB04-40BD-9A17-4C60F0D27D3F}.Debug|Any CPU.ActiveCfg = Debug|Any CPU
		{B2198CF2-EB04-40BD-9A17-4C60F0D27D3F}.Debug|Any CPU.Build.0 = Debug|Any CPU
		{B2198CF2-EB04-40BD-9A17-4C60F0D27D3F}.Release|Any CPU.ActiveCfg = Release|Any CPU
		{B2198CF2-EB04-40BD-9A17-4C60F0D27D3F}.Release|Any CPU.Build.0 = Release|Any CPU
		{7EA001B8-195B-468F-A876-F50DEABB0204}.Debug|Any CPU.ActiveCfg = Debug|Any CPU
		{7EA001B8-195B-468F-A876-F50DEABB0204}.Debug|Any CPU.Build.0 = Debug|Any CPU
		{7EA001B8-195B-468F-A876-F50DEABB0204}.Release|Any CPU.ActiveCfg = Release|Any CPU
		{7EA001B8-195B-468F-A876-F50DEABB0204}.Release|Any CPU.Build.0 = Release|Any CPU
	EndGlobalSection
	GlobalSection(SolutionProperties) = preSolution
		HideSolutionNode = FALSE
	EndGlobalSection
	GlobalSection(ExtensibilityGlobals) = postSolution
		SolutionGuid = {DFD62FE2-6543-4EF0-AC9E-E53C771ABB0F}
	EndGlobalSection
EndGlobal
